
Microsoft Visual Studio Solution File, Format Version 12.00
# Visual Studio 15
VisualStudioVersion = 15.0.27703.2026
MinimumVisualStudioVersion = 10.0.40219.1
Project("{FAE04EC0-301F-11D3-BF4B-00C04F79EFBC}") = "M1NET_S219_CLASES", "M1NET_S219_CLASES\M1NET_S219_CLASES.csproj", "{0680A3EF-64E1-48FD-AB8A-2E325B0D06C3}"
EndProject
Project("{FAE04EC0-301F-11D3-BF4B-00C04F79EFBC}") = "M1NET_S219_AMBITOS1", "M1NET_S219_AMBITOS1\M1NET_S219_AMBITOS1.csproj", "{2B87A129-28D5-45D0-8284-44F1B40A9A30}"
EndProject
Project("{FAE04EC0-301F-11D3-BF4B-00C04F79EFBC}") = "M1NET_S219_AMBITO2", "M1NET_S219_AMBITO2\M1NET_S219_AMBITO2.csproj", "{502C2E85-166E-4604-A5EC-F921D4138559}"
EndProject
Project("{FAE04EC0-301F-11D3-BF4B-00C04F79EFBC}") = "M1NET_S219_CONSTRUCTORES", "M1NET_S219_CONSTRUCTORES\M1NET_S219_CONSTRUCTORES.csproj", "{F2AF6B6D-F7F8-4E13-AA7A-4E4CCC7666E2}"
EndProject
Global
	GlobalSection(SolutionConfigurationPlatforms) = preSolution
		Debug|Any CPU = Debug|Any CPU
		Release|Any CPU = Release|Any CPU
	EndGlobalSection
	GlobalSection(ProjectConfigurationPlatforms) = postSolution
		{0680A3EF-64E1-48FD-AB8A-2E325B0D06C3}.Debug|Any CPU.ActiveCfg = Debug|Any CPU
		{0680A3EF-64E1-48FD-AB8A-2E325B0D06C3}.Debug|Any CPU.Build.0 = Debug|Any CPU
		{0680A3EF-64E1-48FD-AB8A-2E325B0D06C3}.Release|Any CPU.ActiveCfg = Release|Any CPU
		{0680A3EF-64E1-48FD-AB8A-2E325B0D06C3}.Release|Any CPU.Build.0 = Release|Any CPU
		{2B87A129-28D5-45D0-8284-44F1B40A9A30}.Debug|Any CPU.ActiveCfg = Debug|Any CPU
		{2B87A129-28D5-45D0-8284-44F1B40A9A30}.Debug|Any CPU.Build.0 = Debug|Any CPU
		{2B87A129-28D5-45D0-8284-44F1B40A9A30}.Release|Any CPU.ActiveCfg = Release|Any CPU
		{2B87A129-28D5-45D0-8284-44F1B40A9A30}.Release|Any CPU.Build.0 = Release|Any CPU
		{502C2E85-166E-4604-A5EC-F921D4138559}.Debug|Any CPU.ActiveCfg = Debug|Any CPU
		{502C2E85-166E-4604-A5EC-F921D4138559}.Debug|Any CPU.Build.0 = Debug|Any CPU
		{502C2E85-166E-4604-A5EC-F921D4138559}.Release|Any CPU.ActiveCfg = Release|Any CPU
		{502C2E85-166E-4604-A5EC-F921D4138559}.Release|Any CPU.Build.0 = Release|Any CPU
		{F2AF6B6D-F7F8-4E13-AA7A-4E4CCC7666E2}.Debug|Any CPU.ActiveCfg = Debug|Any CPU
		{F2AF6B6D-F7F8-4E13-AA7A-4E4CCC7666E2}.Debug|Any CPU.Build.0 = Debug|Any CPU
		{F2AF6B6D-F7F8-4E13-AA7A-4E4CCC7666E2}.Release|Any CPU.ActiveCfg = Release|Any CPU
		{F2AF6B6D-F7F8-4E13-AA7A-4E4CCC7666E2}.Release|Any CPU.Build.0 = Release|Any CPU
	EndGlobalSection
	GlobalSection(SolutionProperties) = preSolution
		HideSolutionNode = FALSE
	EndGlobalSection
	GlobalSection(ExtensibilityGlobals) = postSolution
		SolutionGuid = {C47FE093-E843-42A4-8DB5-701B116FD7FC}
	EndGlobalSection
EndGlobal
